
Microsoft Visual Studio Solution File, Format Version 12.00
# Visual Studio Version 17
VisualStudioVersion = 17.0.31903.59
MinimumVisualStudioVersion = 10.0.40219.1
Project("{2150E333-8FDC-42A3-9474-1A3956D46DE8}") = "src", "src", "{CED98108-AB18-43A7-9F31-797B4D5B101E}"
EndProject
Project("{FAE04EC0-301F-11D3-BF4B-00C04F79EFBC}") = "Elevator.Challenge.Domain", "src\Elevator.Challenge.Domain\Elevator.Challenge.Domain.csproj", "{C6C2995A-1F37-4D4E-99CA-D3D8D4174847}"
EndProject
Project("{FAE04EC0-301F-11D3-BF4B-00C04F79EFBC}") = "Elevator.Challenge.Application", "src\Elevator.Challenge.Application\Elevator.Challenge.Application.csproj", "{E97D033A-ADC3-4559-B826-420597B22529}"
EndProject
Project("{FAE04EC0-301F-11D3-BF4B-00C04F79EFBC}") = "Elevator.Challenge.Infrastructure", "src\Elevator.Challenge.Infrastructure\Elevator.Challenge.Infrastructure.csproj", "{D437A657-FDAB-4FEC-98C8-58FE8F63DCBD}"
EndProject
Project("{FAE04EC0-301F-11D3-BF4B-00C04F79EFBC}") = "Elevator.Challenge.Presentation", "src\Elevator.Challenge.Presentation\Elevator.Challenge.Presentation.csproj", "{DC00C0D2-9969-4BDA-994B-63D7F1AC9BE4}"
EndProject
Project("{2150E333-8FDC-42A3-9474-1A3956D46DE8}") = "tests", "tests", "{56FC1068-BD7F-4DA5-B613-F5041CD8A07B}"
EndProject
Project("{FAE04EC0-301F-11D3-BF4B-00C04F79EFBC}") = "Elevator.Challenge.UnitTests", "tests\Elevator.Challenge.UnitTests\Elevator.Challenge.UnitTests.csproj", "{3E918175-8418-4C00-8064-FED9214AC971}"
EndProject
Project("{FAE04EC0-301F-11D3-BF4B-00C04F79EFBC}") = "Elevator.Challenge.IntegrationTests", "tests\Elevator.Challenge.IntegrationTests\Elevator.Challenge.IntegrationTests.csproj", "{B7517722-D47E-43A1-83C3-74857D37AC9C}"
EndProject
Global
	GlobalSection(SolutionConfigurationPlatforms) = preSolution
		Debug|Any CPU = Debug|Any CPU
		Release|Any CPU = Release|Any CPU
	EndGlobalSection
	GlobalSection(SolutionProperties) = preSolution
		HideSolutionNode = FALSE
	EndGlobalSection
	GlobalSection(NestedProjects) = preSolution
		{C6C2995A-1F37-4D4E-99CA-D3D8D4174847} = {CED98108-AB18-43A7-9F31-797B4D5B101E}
		{E97D033A-ADC3-4559-B826-420597B22529} = {CED98108-AB18-43A7-9F31-797B4D5B101E}
		{D437A657-FDAB-4FEC-98C8-58FE8F63DCBD} = {CED98108-AB18-43A7-9F31-797B4D5B101E}
		{DC00C0D2-9969-4BDA-994B-63D7F1AC9BE4} = {CED98108-AB18-43A7-9F31-797B4D5B101E}
		{3E918175-8418-4C00-8064-FED9214AC971} = {56FC1068-BD7F-4DA5-B613-F5041CD8A07B}
		{B7517722-D47E-43A1-83C3-74857D37AC9C} = {56FC1068-BD7F-4DA5-B613-F5041CD8A07B}
	EndGlobalSection
	GlobalSection(ProjectConfigurationPlatforms) = postSolution
		{C6C2995A-1F37-4D4E-99CA-D3D8D4174847}.Debug|Any CPU.ActiveCfg = Debug|Any CPU
		{C6C2995A-1F37-4D4E-99CA-D3D8D4174847}.Debug|Any CPU.Build.0 = Debug|Any CPU
		{C6C2995A-1F37-4D4E-99CA-D3D8D4174847}.Release|Any CPU.ActiveCfg = Release|Any CPU
		{C6C2995A-1F37-4D4E-99CA-D3D8D4174847}.Release|Any CPU.Build.0 = Release|Any CPU
		{E97D033A-ADC3-4559-B826-420597B22529}.Debug|Any CPU.ActiveCfg = Debug|Any CPU
		{E97D033A-ADC3-4559-B826-420597B22529}.Debug|Any CPU.Build.0 = Debug|Any CPU
		{E97D033A-ADC3-4559-B826-420597B22529}.Release|Any CPU.ActiveCfg = Release|Any CPU
		{E97D033A-ADC3-4559-B826-420597B22529}.Release|Any CPU.Build.0 = Release|Any CPU
		{D437A657-FDAB-4FEC-98C8-58FE8F63DCBD}.Debug|Any CPU.ActiveCfg = Debug|Any CPU
		{D437A657-FDAB-4FEC-98C8-58FE8F63DCBD}.Debug|Any CPU.Build.0 = Debug|Any CPU
		{D437A657-FDAB-4FEC-98C8-58FE8F63DCBD}.Release|Any CPU.ActiveCfg = Release|Any CPU
		{D437A657-FDAB-4FEC-98C8-58FE8F63DCBD}.Release|Any CPU.Build.0 = Release|Any CPU
		{DC00C0D2-9969-4BDA-994B-63D7F1AC9BE4}.Debug|Any CPU.ActiveCfg = Debug|Any CPU
		{DC00C0D2-9969-4BDA-994B-63D7F1AC9BE4}.Debug|Any CPU.Build.0 = Debug|Any CPU
		{DC00C0D2-9969-4BDA-994B-63D7F1AC9BE4}.Release|Any CPU.ActiveCfg = Release|Any CPU
		{DC00C0D2-9969-4BDA-994B-63D7F1AC9BE4}.Release|Any CPU.Build.0 = Release|Any CPU
		{3E918175-8418-4C00-8064-FED9214AC971}.Debug|Any CPU.ActiveCfg = Debug|Any CPU
		{3E918175-8418-4C00-8064-FED9214AC971}.Debug|Any CPU.Build.0 = Debug|Any CPU
		{3E918175-8418-4C00-8064-FED9214AC971}.Release|Any CPU.ActiveCfg = Release|Any CPU
		{3E918175-8418-4C00-8064-FED9214AC971}.Release|Any CPU.Build.0 = Release|Any CPU
		{B7517722-D47E-43A1-83C3-74857D37AC9C}.Debug|Any CPU.ActiveCfg = Debug|Any CPU
		{B7517722-D47E-43A1-83C3-74857D37AC9C}.Debug|Any CPU.Build.0 = Debug|Any CPU
		{B7517722-D47E-43A1-83C3-74857D37AC9C}.Release|Any CPU.ActiveCfg = Release|Any CPU
		{B7517722-D47E-43A1-83C3-74857D37AC9C}.Release|Any CPU.Build.0 = Release|Any CPU
	EndGlobalSection
EndGlobal
